
Microsoft Visual Studio Solution File, Format Version 12.00
# Visual Studio Version 16
VisualStudioVersion = 16.0.29613.14
MinimumVisualStudioVersion = 10.0.40219.1
Project("{FAE04EC0-301F-11D3-BF4B-00C04F79EFBC}") = "MyHttpFunction", "MyHttpFunction.csproj", "{9DB6DA12-20B2-467B-AC3B-D24E236C91FB}"
EndProject
Global
	GlobalSection(SolutionConfigurationPlatforms) = preSolution
		Debug|Any CPU = Debug|Any CPU
		Release|Any CPU = Release|Any CPU
	EndGlobalSection
	GlobalSection(ProjectConfigurationPlatforms) = postSolution
		{9DB6DA12-20B2-467B-AC3B-D24E236C91FB}.Debug|Any CPU.ActiveCfg = Debug|Any CPU
		{9DB6DA12-20B2-467B-AC3B-D24E236C91FB}.Debug|Any CPU.Build.0 = Debug|Any CPU
		{9DB6DA12-20B2-467B-AC3B-D24E236C91FB}.Release|Any CPU.ActiveCfg = Release|Any CPU
		{9DB6DA12-20B2-467B-AC3B-D24E236C91FB}.Release|Any CPU.Build.0 = Release|Any CPU
	EndGlobalSection
	GlobalSection(SolutionProperties) = preSolution
		HideSolutionNode = FALSE
	EndGlobalSection
	GlobalSection(ExtensibilityGlobals) = postSolution
		SolutionGuid = {F403D1BC-6DD8-4DB2-AE87-0FC9CD808BA9}
	EndGlobalSection
EndGlobal
